
Microsoft Visual Studio Solution File, Format Version 12.00
# Visual Studio Version 16
VisualStudioVersion = 16.0.31729.503
MinimumVisualStudioVersion = 10.0.40219.1
Project("{2150E333-8FDC-42A3-9474-1A3956D46DE8}") = "Solution Items", "Solution Items", "{695E3994-F222-46FB-A00C-9E22212455F9}"
	ProjectSection(SolutionItems) = preProject
		README.md = README.md
	EndProjectSection
EndProject
Project("{FAE04EC0-301F-11D3-BF4B-00C04F79EFBC}") = "Core.Shop.WebApp", "Core.Shop.WebApp\Core.Shop.WebApp.csproj", "{E09604CE-7804-4058-86E6-6594CABD8CB7}"
EndProject
Project("{FAE04EC0-301F-11D3-BF4B-00C04F79EFBC}") = "Core.Shop.Data", "Core.Shop.Data\Core.Shop.Data.csproj", "{54D7E698-E168-4971-A136-F72765B0E97D}"
EndProject
Project("{FAE04EC0-301F-11D3-BF4B-00C04F79EFBC}") = "Core.Shop.Application", "Core.Shop.Application\Core.Shop.Application.csproj", "{1505B8BF-307F-44C4-8D11-92E7245F8300}"
EndProject
Global
	GlobalSection(SolutionConfigurationPlatforms) = preSolution
		Debug|Any CPU = Debug|Any CPU
		Release|Any CPU = Release|Any CPU
	EndGlobalSection
	GlobalSection(ProjectConfigurationPlatforms) = postSolution
		{E09604CE-7804-4058-86E6-6594CABD8CB7}.Debug|Any CPU.ActiveCfg = Debug|Any CPU
		{E09604CE-7804-4058-86E6-6594CABD8CB7}.Debug|Any CPU.Build.0 = Debug|Any CPU
		{E09604CE-7804-4058-86E6-6594CABD8CB7}.Release|Any CPU.ActiveCfg = Release|Any CPU
		{E09604CE-7804-4058-86E6-6594CABD8CB7}.Release|Any CPU.Build.0 = Release|Any CPU
		{54D7E698-E168-4971-A136-F72765B0E97D}.Debug|Any CPU.ActiveCfg = Debug|Any CPU
		{54D7E698-E168-4971-A136-F72765B0E97D}.Debug|Any CPU.Build.0 = Debug|Any CPU
		{54D7E698-E168-4971-A136-F72765B0E97D}.Release|Any CPU.ActiveCfg = Release|Any CPU
		{54D7E698-E168-4971-A136-F72765B0E97D}.Release|Any CPU.Build.0 = Release|Any CPU
		{1505B8BF-307F-44C4-8D11-92E7245F8300}.Debug|Any CPU.ActiveCfg = Debug|Any CPU
		{1505B8BF-307F-44C4-8D11-92E7245F8300}.Debug|Any CPU.Build.0 = Debug|Any CPU
		{1505B8BF-307F-44C4-8D11-92E7245F8300}.Release|Any CPU.ActiveCfg = Release|Any CPU
		{1505B8BF-307F-44C4-8D11-92E7245F8300}.Release|Any CPU.Build.0 = Release|Any CPU
	EndGlobalSection
	GlobalSection(SolutionProperties) = preSolution
		HideSolutionNode = FALSE
	EndGlobalSection
	GlobalSection(ExtensibilityGlobals) = postSolution
		SolutionGuid = {56610C05-53E3-4ECF-9E8B-68BDBF8F9BA4}
	EndGlobalSection
EndGlobal
